
Microsoft Visual Studio Solution File, Format Version 12.00
# Visual Studio Version 17
VisualStudioVersion = 17.3.32901.215
MinimumVisualStudioVersion = 10.0.40219.1
Project("{FAE04EC0-301F-11D3-BF4B-00C04F79EFBC}") = "lab5", "lab5\lab5.csproj", "{754F6CB6-10FF-4FE7-A175-672AAA1CBDA1}"
EndProject
Global
	GlobalSection(SolutionConfigurationPlatforms) = preSolution
		Debug|Any CPU = Debug|Any CPU
		Release|Any CPU = Release|Any CPU
	EndGlobalSection
	GlobalSection(ProjectConfigurationPlatforms) = postSolution
		{754F6CB6-10FF-4FE7-A175-672AAA1CBDA1}.Debug|Any CPU.ActiveCfg = Debug|Any CPU
		{754F6CB6-10FF-4FE7-A175-672AAA1CBDA1}.Debug|Any CPU.Build.0 = Debug|Any CPU
		{754F6CB6-10FF-4FE7-A175-672AAA1CBDA1}.Release|Any CPU.ActiveCfg = Release|Any CPU
		{754F6CB6-10FF-4FE7-A175-672AAA1CBDA1}.Release|Any CPU.Build.0 = Release|Any CPU
	EndGlobalSection
	GlobalSection(SolutionProperties) = preSolution
		HideSolutionNode = FALSE
	EndGlobalSection
	GlobalSection(ExtensibilityGlobals) = postSolution
		SolutionGuid = {9E7B8992-379C-427D-A662-5A2FF9493942}
	EndGlobalSection
EndGlobal
