
Microsoft Visual Studio Solution File, Format Version 12.00
# Visual Studio Version 17
VisualStudioVersion = 17.3.32901.215
MinimumVisualStudioVersion = 10.0.40219.1
Project("{FAE04EC0-301F-11D3-BF4B-00C04F79EFBC}") = "lab6", "lab6\lab6.csproj", "{0266BB4F-D8DF-46F4-9D52-0C69FA8899CC}"
EndProject
Global
	GlobalSection(SolutionConfigurationPlatforms) = preSolution
		Debug|Any CPU = Debug|Any CPU
		Release|Any CPU = Release|Any CPU
	EndGlobalSection
	GlobalSection(ProjectConfigurationPlatforms) = postSolution
		{0266BB4F-D8DF-46F4-9D52-0C69FA8899CC}.Debug|Any CPU.ActiveCfg = Debug|Any CPU
		{0266BB4F-D8DF-46F4-9D52-0C69FA8899CC}.Debug|Any CPU.Build.0 = Debug|Any CPU
		{0266BB4F-D8DF-46F4-9D52-0C69FA8899CC}.Release|Any CPU.ActiveCfg = Release|Any CPU
		{0266BB4F-D8DF-46F4-9D52-0C69FA8899CC}.Release|Any CPU.Build.0 = Release|Any CPU
	EndGlobalSection
	GlobalSection(SolutionProperties) = preSolution
		HideSolutionNode = FALSE
	EndGlobalSection
	GlobalSection(ExtensibilityGlobals) = postSolution
		SolutionGuid = {E83EB488-9CC8-45A5-8035-60D02B00A471}
	EndGlobalSection
EndGlobal
